
Microsoft Visual Studio Solution File, Format Version 12.00
# Visual Studio Version 16
VisualStudioVersion = 16.0.30128.74
MinimumVisualStudioVersion = 10.0.40219.1
Project("{FAE04EC0-301F-11D3-BF4B-00C04F79EFBC}") = "SmallerNumbers", "SmallerNumbers.csproj", "{E7483E72-EB36-4CF8-9233-5314AEF3BEBA}"
EndProject
Global
	GlobalSection(SolutionConfigurationPlatforms) = preSolution
		Debug|Any CPU = Debug|Any CPU
		Release|Any CPU = Release|Any CPU
	EndGlobalSection
	GlobalSection(ProjectConfigurationPlatforms) = postSolution
		{E7483E72-EB36-4CF8-9233-5314AEF3BEBA}.Debug|Any CPU.ActiveCfg = Debug|Any CPU
		{E7483E72-EB36-4CF8-9233-5314AEF3BEBA}.Debug|Any CPU.Build.0 = Debug|Any CPU
		{E7483E72-EB36-4CF8-9233-5314AEF3BEBA}.Release|Any CPU.ActiveCfg = Release|Any CPU
		{E7483E72-EB36-4CF8-9233-5314AEF3BEBA}.Release|Any CPU.Build.0 = Release|Any CPU
	EndGlobalSection
	GlobalSection(SolutionProperties) = preSolution
		HideSolutionNode = FALSE
	EndGlobalSection
	GlobalSection(ExtensibilityGlobals) = postSolution
		SolutionGuid = {56786F23-D043-4D35-BF2E-BAADF558BA36}
	EndGlobalSection
EndGlobal
